// !$*UTF8*$!
{
	archiveVersion = 1;
	classes = {
	};
	objectVersion = 55;
	objects = {

/* Begin PBXBuildFile section */
		052240992E5315120005E429 /* DailyScrum.swift in Sources */ = {isa = PBXBuildFile; fileRef = 052240982E5315110005E429 /* DailyScrum.swift */; };
		0522409D2E53178A0005E429 /* CardView.swift in Sources */ = {isa = PBXBuildFile; fileRef = 0522409C2E53178A0005E429 /* CardView.swift */; };
		052240A32E533BC40005E429 /* Scrum+Sample.swift in Sources */ = {isa = PBXBuildFile; fileRef = 052240A22E533BC40005E429 /* Scrum+Sample.swift */; };
		052240A62E533D130005E429 /* MyThemeKit in Frameworks */ = {isa = PBXBuildFile; productRef = 052240A52E533D130005E429 /* MyThemeKit */; };
		052240AD2E53485C0005E429 /* TrailingIconLabelStyle.swift in Sources */ = {isa = PBXBuildFile; fileRef = 052240AC2E53485C0005E429 /* TrailingIconLabelStyle.swift */; };
		052240AF2E53563B0005E429 /* ScrumsView.swift in Sources */ = {isa = PBXBuildFile; fileRef = 052240AE2E53563B0005E429 /* ScrumsView.swift */; };
		052240B12E535EB60005E429 /* DetailView.swift in Sources */ = {isa = PBXBuildFile; fileRef = 052240B02E535EB60005E429 /* DetailView.swift */; };
		052240B32E5457100005E429 /* DetailEditView.swift in Sources */ = {isa = PBXBuildFile; fileRef = 052240B22E5457100005E429 /* DetailEditView.swift */; };
		054128E82E585C30005C312E /* ThemeView.swift in Sources */ = {isa = PBXBuildFile; fileRef = 054128E72E585C30005C312E /* ThemeView.swift */; };
		054128EA2E585E68005C312E /* ThemePicker.swift in Sources */ = {isa = PBXBuildFile; fileRef = 054128E92E585E68005C312E /* ThemePicker.swift */; };
		054128EC2E58BF01005C312E /* MeetingHeaderView.swift in Sources */ = {isa = PBXBuildFile; fileRef = 054128EB2E58BF01005C312E /* MeetingHeaderView.swift */; };
		054128F32E58C663005C312E /* MeetingTimer.swift in Sources */ = {isa = PBXBuildFile; fileRef = 054128F22E58C663005C312E /* MeetingTimer.swift */; };
		054128F52E58C912005C312E /* ScrumTimer.swift in Sources */ = {isa = PBXBuildFile; fileRef = 054128F42E58C912005C312E /* ScrumTimer.swift */; };
		054128F72E58CCAC005C312E /* MeetingFooterView.swift in Sources */ = {isa = PBXBuildFile; fileRef = 054128F62E58CCAC005C312E /* MeetingFooterView.swift */; };
		054129132E5A12CB005C312E /* ScrumProgressViewStyle.swift in Sources */ = {isa = PBXBuildFile; fileRef = 054129122E5A12CA005C312E /* ScrumProgressViewStyle.swift */; };
		054129152E5B4AC6005C312E /* ding.wav in Resources */ = {isa = PBXBuildFile; fileRef = 054129142E5B4AC6005C312E /* ding.wav */; };
		054129172E5B65A5005C312E /* NewScrumSheet.swift in Sources */ = {isa = PBXBuildFile; fileRef = 054129162E5B65A5005C312E /* NewScrumSheet.swift */; };
		054787F92E51F24F00DA52E3 /* ScrumdingerApp.swift in Sources */ = {isa = PBXBuildFile; fileRef = 054787F82E51F24F00DA52E3 /* ScrumdingerApp.swift */; };
		054787FB2E51F24F00DA52E3 /* MeetingView.swift in Sources */ = {isa = PBXBuildFile; fileRef = 054787FA2E51F24F00DA52E3 /* MeetingView.swift */; };
		054787FD2E51F25100DA52E3 /* Assets.xcassets in Resources */ = {isa = PBXBuildFile; fileRef = 054787FC2E51F25100DA52E3 /* Assets.xcassets */; };
		054788002E51F25100DA52E3 /* Preview Assets.xcassets in Resources */ = {isa = PBXBuildFile; fileRef = 054787FF2E51F25100DA52E3 /* Preview Assets.xcassets */; };
/* End PBXBuildFile section */

/* Begin PBXFileReference section */
		052240982E5315110005E429 /* DailyScrum.swift */ = {isa = PBXFileReference; lastKnownFileType = sourcecode.swift; path = DailyScrum.swift; sourceTree = "<group>"; };
		0522409C2E53178A0005E429 /* CardView.swift */ = {isa = PBXFileReference; lastKnownFileType = sourcecode.swift; path = CardView.swift; sourceTree = "<group>"; };
		0522409F2E532C100005E429 /* MyThemeKit */ = {isa = PBXFileReference; lastKnownFileType = wrapper; path = MyThemeKit; sourceTree = "<group>"; };
		052240A22E533BC40005E429 /* Scrum+Sample.swift */ = {isa = PBXFileReference; lastKnownFileType = sourcecode.swift; name = "Scrum+Sample.swift"; path = "Scrumdinger/Scrum+Sample.swift"; sourceTree = SOURCE_ROOT; };
		052240AC2E53485C0005E429 /* TrailingIconLabelStyle.swift */ = {isa = PBXFileReference; lastKnownFileType = sourcecode.swift; path = TrailingIconLabelStyle.swift; sourceTree = "<group>"; };
		052240AE2E53563B0005E429 /* ScrumsView.swift */ = {isa = PBXFileReference; lastKnownFileType = sourcecode.swift; path = ScrumsView.swift; sourceTree = "<group>"; };
		052240B02E535EB60005E429 /* DetailView.swift */ = {isa = PBXFileReference; lastKnownFileType = sourcecode.swift; path = DetailView.swift; sourceTree = "<group>"; };
		052240B22E5457100005E429 /* DetailEditView.swift */ = {isa = PBXFileReference; lastKnownFileType = sourcecode.swift; path = DetailEditView.swift; sourceTree = "<group>"; };
		054128E72E585C30005C312E /* ThemeView.swift */ = {isa = PBXFileReference; lastKnownFileType = sourcecode.swift; path = ThemeView.swift; sourceTree = "<group>"; };
		054128E92E585E68005C312E /* ThemePicker.swift */ = {isa = PBXFileReference; lastKnownFileType = sourcecode.swift; path = ThemePicker.swift; sourceTree = "<group>"; };
		054128EB2E58BF01005C312E /* MeetingHeaderView.swift */ = {isa = PBXFileReference; lastKnownFileType = sourcecode.swift; path = MeetingHeaderView.swift; sourceTree = "<group>"; };
		054128F22E58C663005C312E /* MeetingTimer.swift */ = {isa = PBXFileReference; lastKnownFileType = sourcecode.swift; path = MeetingTimer.swift; sourceTree = "<group>"; };
		054128F42E58C912005C312E /* ScrumTimer.swift */ = {isa = PBXFileReference; lastKnownFileType = sourcecode.swift; path = ScrumTimer.swift; sourceTree = "<group>"; };
		054128F62E58CCAC005C312E /* MeetingFooterView.swift */ = {isa = PBXFileReference; lastKnownFileType = sourcecode.swift; path = MeetingFooterView.swift; sourceTree = "<group>"; };
		054129122E5A12CA005C312E /* ScrumProgressViewStyle.swift */ = {isa = PBXFileReference; lastKnownFileType = sourcecode.swift; path = ScrumProgressViewStyle.swift; sourceTree = "<group>"; };
		054129142E5B4AC6005C312E /* ding.wav */ = {isa = PBXFileReference; lastKnownFileType = audio.wav; name = ding.wav; path = ../../../../Downloads/ManagingStateAndLifeCycle/StartingProject/TutorialResources/TimerKit/Sources/TimerKit/Resources/ding.wav; sourceTree = "<group>"; };
		054129162E5B65A5005C312E /* NewScrumSheet.swift */ = {isa = PBXFileReference; lastKnownFileType = sourcecode.swift; path = NewScrumSheet.swift; sourceTree = "<group>"; };
		054787F52E51F24F00DA52E3 /* Scrumdinger.app */ = {isa = PBXFileReference; explicitFileType = wrapper.application; includeInIndex = 0; path = Scrumdinger.app; sourceTree = BUILT_PRODUCTS_DIR; };
		054787F82E51F24F00DA52E3 /* ScrumdingerApp.swift */ = {isa = PBXFileReference; lastKnownFileType = sourcecode.swift; path = ScrumdingerApp.swift; sourceTree = "<group>"; };
		054787FA2E51F24F00DA52E3 /* MeetingView.swift */ = {isa = PBXFileReference; lastKnownFileType = sourcecode.swift; path = MeetingView.swift; sourceTree = "<group>"; };
		054787FC2E51F25100DA52E3 /* Assets.xcassets */ = {isa = PBXFileReference; lastKnownFileType = folder.assetcatalog; path = Assets.xcassets; sourceTree = "<group>"; };
		054787FF2E51F25100DA52E3 /* Preview Assets.xcassets */ = {isa = PBXFileReference; lastKnownFileType = folder.assetcatalog; path = "Preview Assets.xcassets"; sourceTree = "<group>"; };
/* End PBXFileReference section */

/* Begin PBXFrameworksBuildPhase section */
		054787F22E51F24F00DA52E3 /* Frameworks */ = {
			isa = PBXFrameworksBuildPhase;
			buildActionMask = 2147483647;
			files = (
				052240A62E533D130005E429 /* MyThemeKit in Frameworks */,
			);
			runOnlyForDeploymentPostprocessing = 0;
		};
/* End PBXFrameworksBuildPhase section */

/* Begin PBXGroup section */
		052240972E5314B40005E429 /* Models */ = {
			isa = PBXGroup;
			children = (
				052240982E5315110005E429 /* DailyScrum.swift */,
			);
			path = Models;
			sourceTree = "<group>";
		};
		0522409E2E532C100005E429 /* Packages */ = {
			isa = PBXGroup;
			children = (
				0522409F2E532C100005E429 /* MyThemeKit */,
			);
			name = Packages;
			sourceTree = "<group>";
		};
		052240A42E533D130005E429 /* Frameworks */ = {
			isa = PBXGroup;
			children = (
			);
			name = Frameworks;
			sourceTree = "<group>";
		};
		054128E62E585B4A005C312E /* Views */ = {
			isa = PBXGroup;
			children = (
				052240B22E5457100005E429 /* DetailEditView.swift */,
				054787FA2E51F24F00DA52E3 /* MeetingView.swift */,
				052240AE2E53563B0005E429 /* ScrumsView.swift */,
				0522409C2E53178A0005E429 /* CardView.swift */,
				052240B02E535EB60005E429 /* DetailView.swift */,
				054128E72E585C30005C312E /* ThemeView.swift */,
				054128E92E585E68005C312E /* ThemePicker.swift */,
				054128EB2E58BF01005C312E /* MeetingHeaderView.swift */,
				054129122E5A12CA005C312E /* ScrumProgressViewStyle.swift */,
				054129162E5B65A5005C312E /* NewScrumSheet.swift */,
			);
			path = Views;
			sourceTree = "<group>";
		};
		054787EC2E51F24F00DA52E3 = {
			isa = PBXGroup;
			children = (
				0522409E2E532C100005E429 /* Packages */,
				054787F72E51F24F00DA52E3 /* Scrumdinger */,
				054787F62E51F24F00DA52E3 /* Products */,
				052240A42E533D130005E429 /* Frameworks */,
			);
			sourceTree = "<group>";
		};
		054787F62E51F24F00DA52E3 /* Products */ = {
			isa = PBXGroup;
			children = (
				054787F52E51F24F00DA52E3 /* Scrumdinger.app */,
			);
			name = Products;
			sourceTree = "<group>";
		};
		054787F72E51F24F00DA52E3 /* Scrumdinger */ = {
			isa = PBXGroup;
			children = (
				054129142E5B4AC6005C312E /* ding.wav */,
				054787FE2E51F25100DA52E3 /* Preview Content */,
				052240972E5314B40005E429 /* Models */,
				054128E62E585B4A005C312E /* Views */,
				054787F82E51F24F00DA52E3 /* ScrumdingerApp.swift */,
				052240A22E533BC40005E429 /* Scrum+Sample.swift */,
				054128F22E58C663005C312E /* MeetingTimer.swift */,
				052240AC2E53485C0005E429 /* TrailingIconLabelStyle.swift */,
				054787FC2E51F25100DA52E3 /* Assets.xcassets */,
				054128F42E58C912005C312E /* ScrumTimer.swift */,
				054128F62E58CCAC005C312E /* MeetingFooterView.swift */,
			);
			path = Scrumdinger;
			sourceTree = "<group>";
		};
		054787FE2E51F25100DA52E3 /* Preview Content */ = {
			isa = PBXGroup;
			children = (
				054787FF2E51F25100DA52E3 /* Preview Assets.xcassets */,
			);
			name = "Preview Content";
			path = "Scrumdinger/Preview Content";
			sourceTree = SOURCE_ROOT;
		};
/* End PBXGroup section */

/* Begin PBXNativeTarget section */
		054787F42E51F24F00DA52E3 /* Scrumdinger */ = {
			isa = PBXNativeTarget;
			buildConfigurationList = 054788032E51F25100DA52E3 /* Build configuration list for PBXNativeTarget "Scrumdinger" */;
			buildPhases = (
				054787F12E51F24F00DA52E3 /* Sources */,
				054787F22E51F24F00DA52E3 /* Frameworks */,
				054787F32E51F24F00DA52E3 /* Resources */,
			);
			buildRules = (
			);
			dependencies = (
			);
			name = Scrumdinger;
			packageProductDependencies = (
				052240A52E533D130005E429 /* MyThemeKit */,
			);
			productName = Scrumdinger;
			productReference = 054787F52E51F24F00DA52E3 /* Scrumdinger.app */;
			productType = "com.apple.product-type.application";
		};
/* End PBXNativeTarget section */

/* Begin PBXProject section */
		054787ED2E51F24F00DA52E3 /* Project object */ = {
			isa = PBXProject;
			attributes = {
				BuildIndependentTargetsInParallel = 1;
				LastSwiftUpdateCheck = 1320;
				LastUpgradeCheck = 1320;
				TargetAttributes = {
					054787F42E51F24F00DA52E3 = {
						CreatedOnToolsVersion = 13.2.1;
					};
				};
			};
			buildConfigurationList = 054787F02E51F24F00DA52E3 /* Build configuration list for PBXProject "Scrumdinger" */;
			compatibilityVersion = "Xcode 13.0";
			developmentRegion = en;
			hasScannedForEncodings = 0;
			knownRegions = (
				en,
				Base,
			);
			mainGroup = 054787EC2E51F24F00DA52E3;
			productRefGroup = 054787F62E51F24F00DA52E3 /* Products */;
			projectDirPath = "";
			projectRoot = "";
			targets = (
				054787F42E51F24F00DA52E3 /* Scrumdinger */,
			);
		};
/* End PBXProject section */

/* Begin PBXResourcesBuildPhase section */
		054787F32E51F24F00DA52E3 /* Resources */ = {
			isa = PBXResourcesBuildPhase;
			buildActionMask = 2147483647;
			files = (
				054129152E5B4AC6005C312E /* ding.wav in Resources */,
				054788002E51F25100DA52E3 /* Preview Assets.xcassets in Resources */,
				054787FD2E51F25100DA52E3 /* Assets.xcassets in Resources */,
			);
			runOnlyForDeploymentPostprocessing = 0;
		};
/* End PBXResourcesBuildPhase section */

/* Begin PBXSourcesBuildPhase section */
		054787F12E51F24F00DA52E3 /* Sources */ = {
			isa = PBXSourcesBuildPhase;
			buildActionMask = 2147483647;
			files = (
				054128EA2E585E68005C312E /* ThemePicker.swift in Sources */,
				052240B12E535EB60005E429 /* DetailView.swift in Sources */,
				054129132E5A12CB005C312E /* ScrumProgressViewStyle.swift in Sources */,
				054128F72E58CCAC005C312E /* MeetingFooterView.swift in Sources */,
				054128F52E58C912005C312E /* ScrumTimer.swift in Sources */,
				052240A32E533BC40005E429 /* Scrum+Sample.swift in Sources */,
				054128EC2E58BF01005C312E /* MeetingHeaderView.swift in Sources */,
				054128F32E58C663005C312E /* MeetingTimer.swift in Sources */,
				054129172E5B65A5005C312E /* NewScrumSheet.swift in Sources */,
				052240B32E5457100005E429 /* DetailEditView.swift in Sources */,
				052240AD2E53485C0005E429 /* TrailingIconLabelStyle.swift in Sources */,
				054787FB2E51F24F00DA52E3 /* MeetingView.swift in Sources */,
				052240AF2E53563B0005E429 /* ScrumsView.swift in Sources */,
				052240992E5315120005E429 /* DailyScrum.swift in Sources */,
				054787F92E51F24F00DA52E3 /* ScrumdingerApp.swift in Sources */,
				054128E82E585C30005C312E /* ThemeView.swift in Sources */,
				0522409D2E53178A0005E429 /* CardView.swift in Sources */,
			);
			runOnlyForDeploymentPostprocessing = 0;
		};
/* End PBXSourcesBuildPhase section */

/* Begin XCBuildConfiguration section */
		054788012E51F25100DA52E3 /* Debug */ = {
			isa = XCBuildConfiguration;
			buildSettings = {
				ALWAYS_SEARCH_USER_PATHS = NO;
				CLANG_ANALYZER_NONNULL = YES;
				CLANG_ANALYZER_NUMBER_OBJECT_CONVERSION = YES_AGGRESSIVE;
				CLANG_CXX_LANGUAGE_STANDARD = "gnu++17";
				CLANG_CXX_LIBRARY = "libc++";
				CLANG_ENABLE_MODULES = YES;
				CLANG_ENABLE_OBJC_ARC = YES;
				CLANG_ENABLE_OBJC_WEAK = YES;
				CLANG_WARN_BLOCK_CAPTURE_AUTORELEASING = YES;
				CLANG_WARN_BOOL_CONVERSION = YES;
				CLANG_WARN_COMMA = YES;
				CLANG_WARN_CONSTANT_CONVERSION = YES;
				CLANG_WARN_DEPRECATED_OBJC_IMPLEMENTATIONS = YES;
				CLANG_WARN_DIRECT_OBJC_ISA_USAGE = YES_ERROR;
				CLANG_WARN_DOCUMENTATION_COMMENTS = YES;
				CLANG_WARN_EMPTY_BODY = YES;
				CLANG_WARN_ENUM_CONVERSION = YES;
				CLANG_WARN_INFINITE_RECURSION = YES;
				CLANG_WARN_INT_CONVERSION = YES;
				CLANG_WARN_NON_LITERAL_NULL_CONVERSION = YES;
				CLANG_WARN_OBJC_IMPLICIT_RETAIN_SELF = YES;
				CLANG_WARN_OBJC_LITERAL_CONVERSION = YES;
				CLANG_WARN_OBJC_ROOT_CLASS = YES_ERROR;
				CLANG_WARN_QUOTED_INCLUDE_IN_FRAMEWORK_HEADER = YES;
				CLANG_WARN_RANGE_LOOP_ANALYSIS = YES;
				CLANG_WARN_STRICT_PROTOTYPES = YES;
				CLANG_WARN_SUSPICIOUS_MOVE = YES;
				CLANG_WARN_UNGUARDED_AVAILABILITY = YES_AGGRESSIVE;
				CLANG_WARN_UNREACHABLE_CODE = YES;
				CLANG_WARN__DUPLICATE_METHOD_MATCH = YES;
				COPY_PHASE_STRIP = NO;
				DEBUG_INFORMATION_FORMAT = dwarf;
				ENABLE_STRICT_OBJC_MSGSEND = YES;
				ENABLE_TESTABILITY = YES;
				GCC_C_LANGUAGE_STANDARD = gnu11;
				GCC_DYNAMIC_NO_PIC = NO;
				GCC_NO_COMMON_BLOCKS = YES;
				GCC_OPTIMIZATION_LEVEL = 0;
				GCC_PREPROCESSOR_DEFINITIONS = (
					"DEBUG=1",
					"$(inherited)",
				);
				GCC_WARN_64_TO_32_BIT_CONVERSION = YES;
				GCC_WARN_ABOUT_RETURN_TYPE = YES_ERROR;
				GCC_WARN_UNDECLARED_SELECTOR = YES;
				GCC_WARN_UNINITIALIZED_AUTOS = YES_AGGRESSIVE;
				GCC_WARN_UNUSED_FUNCTION = YES;
				GCC_WARN_UNUSED_VARIABLE = YES;
				IPHONEOS_DEPLOYMENT_TARGET = 15.2;
				MTL_ENABLE_DEBUG_INFO = INCLUDE_SOURCE;
				MTL_FAST_MATH = YES;
				ONLY_ACTIVE_ARCH = YES;
				SDKROOT = iphoneos;
				SWIFT_ACTIVE_COMPILATION_CONDITIONS = DEBUG;
				SWIFT_OPTIMIZATION_LEVEL = "-Onone";
			};
			name = Debug;
		};
		054788022E51F25100DA52E3 /* Release */ = {
			isa = XCBuildConfiguration;
			buildSettings = {
				ALWAYS_SEARCH_USER_PATHS = NO;
				CLANG_ANALYZER_NONNULL = YES;
				CLANG_ANALYZER_NUMBER_OBJECT_CONVERSION = YES_AGGRESSIVE;
				CLANG_CXX_LANGUAGE_STANDARD = "gnu++17";
				CLANG_CXX_LIBRARY = "libc++";
				CLANG_ENABLE_MODULES = YES;
				CLANG_ENABLE_OBJC_ARC = YES;
				CLANG_ENABLE_OBJC_WEAK = YES;
				CLANG_WARN_BLOCK_CAPTURE_AUTORELEASING = YES;
				CLANG_WARN_BOOL_CONVERSION = YES;
				CLANG_WARN_COMMA = YES;
				CLANG_WARN_CONSTANT_CONVERSION = YES;
				CLANG_WARN_DEPRECATED_OBJC_IMPLEMENTATIONS = YES;
				CLANG_WARN_DIRECT_OBJC_ISA_USAGE = YES_ERROR;
				CLANG_WARN_DOCUMENTATION_COMMENTS = YES;
				CLANG_WARN_EMPTY_BODY = YES;
				CLANG_WARN_ENUM_CONVERSION = YES;
				CLANG_WARN_INFINITE_RECURSION = YES;
				CLANG_WARN_INT_CONVERSION = YES;
				CLANG_WARN_NON_LITERAL_NULL_CONVERSION = YES;
				CLANG_WARN_OBJC_IMPLICIT_RETAIN_SELF = YES;
				CLANG_WARN_OBJC_LITERAL_CONVERSION = YES;
				CLANG_WARN_OBJC_ROOT_CLASS = YES_ERROR;
				CLANG_WARN_QUOTED_INCLUDE_IN_FRAMEWORK_HEADER = YES;
				CLANG_WARN_RANGE_LOOP_ANALYSIS = YES;
				CLANG_WARN_STRICT_PROTOTYPES = YES;
				CLANG_WARN_SUSPICIOUS_MOVE = YES;
				CLANG_WARN_UNGUARDED_AVAILABILITY = YES_AGGRESSIVE;
				CLANG_WARN_UNREACHABLE_CODE = YES;
				CLANG_WARN__DUPLICATE_METHOD_MATCH = YES;
				COPY_PHASE_STRIP = NO;
				DEBUG_INFORMATION_FORMAT = "dwarf-with-dsym";
				ENABLE_NS_ASSERTIONS = NO;
				ENABLE_STRICT_OBJC_MSGSEND = YES;
				GCC_C_LANGUAGE_STANDARD = gnu11;
				GCC_NO_COMMON_BLOCKS = YES;
				GCC_WARN_64_TO_32_BIT_CONVERSION = YES;
				GCC_WARN_ABOUT_RETURN_TYPE = YES_ERROR;
				GCC_WARN_UNDECLARED_SELECTOR = YES;
				GCC_WARN_UNINITIALIZED_AUTOS = YES_AGGRESSIVE;
				GCC_WARN_UNUSED_FUNCTION = YES;
				GCC_WARN_UNUSED_VARIABLE = YES;
				IPHONEOS_DEPLOYMENT_TARGET = 15.2;
				MTL_ENABLE_DEBUG_INFO = NO;
				MTL_FAST_MATH = YES;
				SDKROOT = iphoneos;
				SWIFT_COMPILATION_MODE = wholemodule;
				SWIFT_OPTIMIZATION_LEVEL = "-O";
				VALIDATE_PRODUCT = YES;
			};
			name = Release;
		};
		054788042E51F25100DA52E3 /* Debug */ = {
			isa = XCBuildConfiguration;
			buildSettings = {
				ASSETCATALOG_COMPILER_APPICON_NAME = AppIcon;
				ASSETCATALOG_COMPILER_GLOBAL_ACCENT_COLOR_NAME = AccentColor;
				CODE_SIGN_STYLE = Automatic;
				CURRENT_PROJECT_VERSION = 1;
				DEVELOPMENT_ASSET_PATHS = "\"Scrumdinger/Preview Content\"";
				ENABLE_PREVIEWS = YES;
				GENERATE_INFOPLIST_FILE = YES;
				INFOPLIST_KEY_UIApplicationSceneManifest_Generation = YES;
				INFOPLIST_KEY_UIApplicationSupportsIndirectInputEvents = YES;
				INFOPLIST_KEY_UILaunchScreen_Generation = YES;
				INFOPLIST_KEY_UISupportedInterfaceOrientations_iPad = "UIInterfaceOrientationPortrait UIInterfaceOrientationPortraitUpsideDown UIInterfaceOrientationLandscapeLeft UIInterfaceOrientationLandscapeRight";
				INFOPLIST_KEY_UISupportedInterfaceOrientations_iPhone = "UIInterfaceOrientationPortrait UIInterfaceOrientationLandscapeLeft UIInterfaceOrientationLandscapeRight";
				LD_RUNPATH_SEARCH_PATHS = (
					"$(inherited)",
					"@executable_path/Frameworks",
				);
				MARKETING_VERSION = 1.0;
				PRODUCT_BUNDLE_IDENTIFIER = com.example.Scrumdinger;
				PRODUCT_NAME = "$(TARGET_NAME)";
				SWIFT_EMIT_LOC_STRINGS = YES;
				SWIFT_VERSION = 5.0;
				TARGETED_DEVICE_FAMILY = "1,2";
			};
			name = Debug;
		};
		054788052E51F25100DA52E3 /* Release */ = {
			isa = XCBuildConfiguration;
			buildSettings = {
				ASSETCATALOG_COMPILER_APPICON_NAME = AppIcon;
				ASSETCATALOG_COMPILER_GLOBAL_ACCENT_COLOR_NAME = AccentColor;
				CODE_SIGN_STYLE = Automatic;
				CURRENT_PROJECT_VERSION = 1;
				DEVELOPMENT_ASSET_PATHS = "\"Scrumdinger/Preview Content\"";
				ENABLE_PREVIEWS = YES;
				GENERATE_INFOPLIST_FILE = YES;
				INFOPLIST_KEY_UIApplicationSceneManifest_Generation = YES;
				INFOPLIST_KEY_UIApplicationSupportsIndirectInputEvents = YES;
				INFOPLIST_KEY_UILaunchScreen_Generation = YES;
				INFOPLIST_KEY_UISupportedInterfaceOrientations_iPad = "UIInterfaceOrientationPortrait UIInterfaceOrientationPortraitUpsideDown UIInterfaceOrientationLandscapeLeft UIInterfaceOrientationLandscapeRight";
				INFOPLIST_KEY_UISupportedInterfaceOrientations_iPhone = "UIInterfaceOrientationPortrait UIInterfaceOrientationLandscapeLeft UIInterfaceOrientationLandscapeRight";
				LD_RUNPATH_SEARCH_PATHS = (
					"$(inherited)",
					"@executable_path/Frameworks",
				);
				MARKETING_VERSION = 1.0;
				PRODUCT_BUNDLE_IDENTIFIER = com.example.Scrumdinger;
				PRODUCT_NAME = "$(TARGET_NAME)";
				SWIFT_EMIT_LOC_STRINGS = YES;
				SWIFT_VERSION = 5.0;
				TARGETED_DEVICE_FAMILY = "1,2";
			};
			name = Release;
		};
/* End XCBuildConfiguration section */

/* Begin XCConfigurationList section */
		054787F02E51F24F00DA52E3 /* Build configuration list for PBXProject "Scrumdinger" */ = {
			isa = XCConfigurationList;
			buildConfigurations = (
				054788012E51F25100DA52E3 /* Debug */,
				054788022E51F25100DA52E3 /* Release */,
			);
			defaultConfigurationIsVisible = 0;
			defaultConfigurationName = Release;
		};
		054788032E51F25100DA52E3 /* Build configuration list for PBXNativeTarget "Scrumdinger" */ = {
			isa = XCConfigurationList;
			buildConfigurations = (
				054788042E51F25100DA52E3 /* Debug */,
				054788052E51F25100DA52E3 /* Release */,
			);
			defaultConfigurationIsVisible = 0;
			defaultConfigurationName = Release;
		};
/* End XCConfigurationList section */

/* Begin XCSwiftPackageProductDependency section */
		052240A52E533D130005E429 /* MyThemeKit */ = {
			isa = XCSwiftPackageProductDependency;
			productName = MyThemeKit;
		};
/* End XCSwiftPackageProductDependency section */
	};
	rootObject = 054787ED2E51F24F00DA52E3 /* Project object */;
}
